// !$*UTF8*$!
{
	archiveVersion = 1;
	classes = {
	};
	objectVersion = 55;
	objects = {

/* Begin PBXBuildFile section */
		E504AE3E273E559E0032C1B1 /* Constants.swift in Sources */ = {isa = PBXBuildFile; fileRef = E504AE3D273E559E0032C1B1 /* Constants.swift */; };
		E5089D5D2736B9E100288B53 /* .gitignore in Resources */ = {isa = PBXBuildFile; fileRef = E5089D5C2736B9E100288B53 /* .gitignore */; };
		E51231F327359BA500E07E42 /* AppDelegate.swift in Sources */ = {isa = PBXBuildFile; fileRef = E51231F227359BA500E07E42 /* AppDelegate.swift */; };
		E51231F527359BA500E07E42 /* SceneDelegate.swift in Sources */ = {isa = PBXBuildFile; fileRef = E51231F427359BA500E07E42 /* SceneDelegate.swift */; };
		E51231F727359BA500E07E42 /* AuthViewController.swift in Sources */ = {isa = PBXBuildFile; fileRef = E51231F627359BA500E07E42 /* AuthViewController.swift */; };
		E51231FC27359BA600E07E42 /* Assets.xcassets in Resources */ = {isa = PBXBuildFile; fileRef = E51231FB27359BA600E07E42 /* Assets.xcassets */; };
		E51231FF27359BA600E07E42 /* LaunchScreen.storyboard in Resources */ = {isa = PBXBuildFile; fileRef = E51231FD27359BA600E07E42 /* LaunchScreen.storyboard */; };
		E540024C2736D4E500B3CEE2 /* FeedResponse.swift in Sources */ = {isa = PBXBuildFile; fileRef = E540024B2736D4E500B3CEE2 /* FeedResponse.swift */; };
		E540024E2736DBC500B3CEE2 /* NetworkDataFetcher.swift in Sources */ = {isa = PBXBuildFile; fileRef = E540024D2736DBC500B3CEE2 /* NetworkDataFetcher.swift */; };
		E5672AB3273BF714009039FD /* NewsfeedCellLayoutCalculator.swift in Sources */ = {isa = PBXBuildFile; fileRef = E5672AB2273BF714009039FD /* NewsfeedCellLayoutCalculator.swift */; };
		E5672AB6273C385D009039FD /* String + Height.swift in Sources */ = {isa = PBXBuildFile; fileRef = E5672AB5273C385D009039FD /* String + Height.swift */; };
		E582B117273D6C7C0086C417 /* NewsfeedCodeCell.swift in Sources */ = {isa = PBXBuildFile; fileRef = E582B116273D6C7C0086C417 /* NewsfeedCodeCell.swift */; };
		E582B119273D72830086C417 /* UIView + Constraint.swift in Sources */ = {isa = PBXBuildFile; fileRef = E582B118273D72830086C417 /* UIView + Constraint.swift */; };
		E584E95E274100D7005927C1 /* GalleryCollectionView.swift in Sources */ = {isa = PBXBuildFile; fileRef = E584E95D274100D7005927C1 /* GalleryCollectionView.swift */; };
		E584E960274103BA005927C1 /* GalleryCollectionViewCell.swift in Sources */ = {isa = PBXBuildFile; fileRef = E584E95F274103BA005927C1 /* GalleryCollectionViewCell.swift */; };
		E584E96227418C1E005927C1 /* RowLayout.swift in Sources */ = {isa = PBXBuildFile; fileRef = E584E96127418C1E005927C1 /* RowLayout.swift */; };
		E5B17E81273AAEF5009611DE /* WebImageView.swift in Sources */ = {isa = PBXBuildFile; fileRef = E5B17E80273AAEF5009611DE /* WebImageView.swift */; };
		E5C319FE27398A6500F5A459 /* NewsfeedPresenter.swift in Sources */ = {isa = PBXBuildFile; fileRef = E5C319F727398A6500F5A459 /* NewsfeedPresenter.swift */; };
		E5C319FF27398A6500F5A459 /* NewsfeedWorker.swift in Sources */ = {isa = PBXBuildFile; fileRef = E5C319F827398A6500F5A459 /* NewsfeedWorker.swift */; };
		E5C31A0027398A6500F5A459 /* NewsfeedRouter.swift in Sources */ = {isa = PBXBuildFile; fileRef = E5C319F927398A6500F5A459 /* NewsfeedRouter.swift */; };
		E5C31A0127398A6500F5A459 /* NewsfeedModels.swift in Sources */ = {isa = PBXBuildFile; fileRef = E5C319FA27398A6500F5A459 /* NewsfeedModels.swift */; };
		E5C31A0227398A6500F5A459 /* NewsfeedViewController.swift in Sources */ = {isa = PBXBuildFile; fileRef = E5C319FB27398A6500F5A459 /* NewsfeedViewController.swift */; };
		E5C31A0327398A6500F5A459 /* NewsfeedInteractor.swift in Sources */ = {isa = PBXBuildFile; fileRef = E5C319FC27398A6500F5A459 /* NewsfeedInteractor.swift */; };
		E5C31A0627398B8600F5A459 /* NewsfeedViewController.storyboard in Resources */ = {isa = PBXBuildFile; fileRef = E5C31A0527398B8600F5A459 /* NewsfeedViewController.storyboard */; };
		E5C31A09273990A500F5A459 /* NewsfeedCell.xib in Resources */ = {isa = PBXBuildFile; fileRef = E5C31A08273990A500F5A459 /* NewsfeedCell.xib */; };
		E5C31A0D2739911F00F5A459 /* NewsfeedCell.swift in Sources */ = {isa = PBXBuildFile; fileRef = E5C31A0C2739911F00F5A459 /* NewsfeedCell.swift */; };
		E5E12B3927359E270024FF49 /* AuthService.swift in Sources */ = {isa = PBXBuildFile; fileRef = E5E12B3827359E270024FF49 /* AuthService.swift */; };
		E5E12B3C2735A0480024FF49 /* AuthViewController.storyboard in Resources */ = {isa = PBXBuildFile; fileRef = E5E12B3B2735A0480024FF49 /* AuthViewController.storyboard */; };
		E5E12B452736ADE60024FF49 /* NetworkService.swift in Sources */ = {isa = PBXBuildFile; fileRef = E5E12B442736ADE60024FF49 /* NetworkService.swift */; };
		E5E12B472736AE9D0024FF49 /* API.swift in Sources */ = {isa = PBXBuildFile; fileRef = E5E12B462736AE9D0024FF49 /* API.swift */; };
		EA467221C11A0D12B2DD5B19 /* Pods_VKNewsFeed.framework in Frameworks */ = {isa = PBXBuildFile; fileRef = 5E4AE6FDAC6EB4468BE316EA /* Pods_VKNewsFeed.framework */; };
/* End PBXBuildFile section */

/* Begin PBXFileReference section */
		2EE16B959466C07EC58F7EF6 /* Pods-VKNewsFeed.debug.xcconfig */ = {isa = PBXFileReference; includeInIndex = 1; lastKnownFileType = text.xcconfig; name = "Pods-VKNewsFeed.debug.xcconfig"; path = "Target Support Files/Pods-VKNewsFeed/Pods-VKNewsFeed.debug.xcconfig"; sourceTree = "<group>"; };
		5E4AE6FDAC6EB4468BE316EA /* Pods_VKNewsFeed.framework */ = {isa = PBXFileReference; explicitFileType = wrapper.framework; includeInIndex = 0; path = Pods_VKNewsFeed.framework; sourceTree = BUILT_PRODUCTS_DIR; };
		7E7380F7EA450AC3CFC82BF4 /* Pods-VKNewsFeed.release.xcconfig */ = {isa = PBXFileReference; includeInIndex = 1; lastKnownFileType = text.xcconfig; name = "Pods-VKNewsFeed.release.xcconfig"; path = "Target Support Files/Pods-VKNewsFeed/Pods-VKNewsFeed.release.xcconfig"; sourceTree = "<group>"; };
		E504AE3D273E559E0032C1B1 /* Constants.swift */ = {isa = PBXFileReference; lastKnownFileType = sourcecode.swift; path = Constants.swift; sourceTree = "<group>"; };
		E5089D5C2736B9E100288B53 /* .gitignore */ = {isa = PBXFileReference; lastKnownFileType = text; path = .gitignore; sourceTree = "<group>"; };
		E51231EF27359BA500E07E42 /* VKNewsFeed.app */ = {isa = PBXFileReference; explicitFileType = wrapper.application; includeInIndex = 0; path = VKNewsFeed.app; sourceTree = BUILT_PRODUCTS_DIR; };
		E51231F227359BA500E07E42 /* AppDelegate.swift */ = {isa = PBXFileReference; lastKnownFileType = sourcecode.swift; path = AppDelegate.swift; sourceTree = "<group>"; };
		E51231F427359BA500E07E42 /* SceneDelegate.swift */ = {isa = PBXFileReference; lastKnownFileType = sourcecode.swift; path = SceneDelegate.swift; sourceTree = "<group>"; };
		E51231F627359BA500E07E42 /* AuthViewController.swift */ = {isa = PBXFileReference; lastKnownFileType = sourcecode.swift; path = AuthViewController.swift; sourceTree = "<group>"; };
		E51231FB27359BA600E07E42 /* Assets.xcassets */ = {isa = PBXFileReference; lastKnownFileType = folder.assetcatalog; path = Assets.xcassets; sourceTree = "<group>"; };
		E51231FE27359BA600E07E42 /* Base */ = {isa = PBXFileReference; lastKnownFileType = file.storyboard; name = Base; path = Base.lproj/LaunchScreen.storyboard; sourceTree = "<group>"; };
		E512320027359BA600E07E42 /* Info.plist */ = {isa = PBXFileReference; lastKnownFileType = text.plist.xml; path = Info.plist; sourceTree = "<group>"; };
		E540024B2736D4E500B3CEE2 /* FeedResponse.swift */ = {isa = PBXFileReference; lastKnownFileType = sourcecode.swift; path = FeedResponse.swift; sourceTree = "<group>"; };
		E540024D2736DBC500B3CEE2 /* NetworkDataFetcher.swift */ = {isa = PBXFileReference; lastKnownFileType = sourcecode.swift; path = NetworkDataFetcher.swift; sourceTree = "<group>"; };
		E5672AB2273BF714009039FD /* NewsfeedCellLayoutCalculator.swift */ = {isa = PBXFileReference; lastKnownFileType = sourcecode.swift; path = NewsfeedCellLayoutCalculator.swift; sourceTree = "<group>"; };
		E5672AB5273C385D009039FD /* String + Height.swift */ = {isa = PBXFileReference; lastKnownFileType = sourcecode.swift; path = "String + Height.swift"; sourceTree = "<group>"; };
		E582B116273D6C7C0086C417 /* NewsfeedCodeCell.swift */ = {isa = PBXFileReference; lastKnownFileType = sourcecode.swift; path = NewsfeedCodeCell.swift; sourceTree = "<group>"; };
		E582B118273D72830086C417 /* UIView + Constraint.swift */ = {isa = PBXFileReference; lastKnownFileType = sourcecode.swift; path = "UIView + Constraint.swift"; sourceTree = "<group>"; };
		E584E95D274100D7005927C1 /* GalleryCollectionView.swift */ = {isa = PBXFileReference; lastKnownFileType = sourcecode.swift; path = GalleryCollectionView.swift; sourceTree = "<group>"; };
		E584E95F274103BA005927C1 /* GalleryCollectionViewCell.swift */ = {isa = PBXFileReference; lastKnownFileType = sourcecode.swift; path = GalleryCollectionViewCell.swift; sourceTree = "<group>"; };
		E584E96127418C1E005927C1 /* RowLayout.swift */ = {isa = PBXFileReference; lastKnownFileType = sourcecode.swift; path = RowLayout.swift; sourceTree = "<group>"; };
		E5B17E80273AAEF5009611DE /* WebImageView.swift */ = {isa = PBXFileReference; lastKnownFileType = sourcecode.swift; path = WebImageView.swift; sourceTree = "<group>"; };
		E5C319F727398A6500F5A459 /* NewsfeedPresenter.swift */ = {isa = PBXFileReference; lastKnownFileType = sourcecode.swift; path = NewsfeedPresenter.swift; sourceTree = "<group>"; };
		E5C319F827398A6500F5A459 /* NewsfeedWorker.swift */ = {isa = PBXFileReference; lastKnownFileType = sourcecode.swift; path = NewsfeedWorker.swift; sourceTree = "<group>"; };
		E5C319F927398A6500F5A459 /* NewsfeedRouter.swift */ = {isa = PBXFileReference; lastKnownFileType = sourcecode.swift; path = NewsfeedRouter.swift; sourceTree = "<group>"; };
		E5C319FA27398A6500F5A459 /* NewsfeedModels.swift */ = {isa = PBXFileReference; lastKnownFileType = sourcecode.swift; path = NewsfeedModels.swift; sourceTree = "<group>"; };
		E5C319FB27398A6500F5A459 /* NewsfeedViewController.swift */ = {isa = PBXFileReference; lastKnownFileType = sourcecode.swift; path = NewsfeedViewController.swift; sourceTree = "<group>"; };
		E5C319FC27398A6500F5A459 /* NewsfeedInteractor.swift */ = {isa = PBXFileReference; lastKnownFileType = sourcecode.swift; path = NewsfeedInteractor.swift; sourceTree = "<group>"; };
		E5C31A0527398B8600F5A459 /* NewsfeedViewController.storyboard */ = {isa = PBXFileReference; lastKnownFileType = file.storyboard; path = NewsfeedViewController.storyboard; sourceTree = "<group>"; };
		E5C31A08273990A500F5A459 /* NewsfeedCell.xib */ = {isa = PBXFileReference; lastKnownFileType = file.xib; path = NewsfeedCell.xib; sourceTree = "<group>"; };
		E5C31A0C2739911F00F5A459 /* NewsfeedCell.swift */ = {isa = PBXFileReference; lastKnownFileType = sourcecode.swift; path = NewsfeedCell.swift; sourceTree = "<group>"; };
		E5E12B3827359E270024FF49 /* AuthService.swift */ = {isa = PBXFileReference; lastKnownFileType = sourcecode.swift; path = AuthService.swift; sourceTree = "<group>"; };
		E5E12B3B2735A0480024FF49 /* AuthViewController.storyboard */ = {isa = PBXFileReference; lastKnownFileType = file.storyboard; path = AuthViewController.storyboard; sourceTree = "<group>"; };
		E5E12B442736ADE60024FF49 /* NetworkService.swift */ = {isa = PBXFileReference; lastKnownFileType = sourcecode.swift; path = NetworkService.swift; sourceTree = "<group>"; };
		E5E12B462736AE9D0024FF49 /* API.swift */ = {isa = PBXFileReference; lastKnownFileType = sourcecode.swift; path = API.swift; sourceTree = "<group>"; };
/* End PBXFileReference section */

/* Begin PBXFrameworksBuildPhase section */
		E51231EC27359BA500E07E42 /* Frameworks */ = {
			isa = PBXFrameworksBuildPhase;
			buildActionMask = 2147483647;
			files = (
				EA467221C11A0D12B2DD5B19 /* Pods_VKNewsFeed.framework in Frameworks */,
			);
			runOnlyForDeploymentPostprocessing = 0;
		};
/* End PBXFrameworksBuildPhase section */

/* Begin PBXGroup section */
		7CEC4373708B6B298AC5D319 /* Frameworks */ = {
			isa = PBXGroup;
			children = (
				5E4AE6FDAC6EB4468BE316EA /* Pods_VKNewsFeed.framework */,
			);
			name = Frameworks;
			sourceTree = "<group>";
		};
		E51231E627359BA500E07E42 = {
			isa = PBXGroup;
			children = (
				E51231F127359BA500E07E42 /* VKNewsFeed */,
				E51231F027359BA500E07E42 /* Products */,
				E959825007B1392B158BB4FB /* Pods */,
				7CEC4373708B6B298AC5D319 /* Frameworks */,
			);
			sourceTree = "<group>";
		};
		E51231F027359BA500E07E42 /* Products */ = {
			isa = PBXGroup;
			children = (
				E51231EF27359BA500E07E42 /* VKNewsFeed.app */,
			);
			name = Products;
			sourceTree = "<group>";
		};
		E51231F127359BA500E07E42 /* VKNewsFeed */ = {
			isa = PBXGroup;
			children = (
				E51231F227359BA500E07E42 /* AppDelegate.swift */,
				E51231F427359BA500E07E42 /* SceneDelegate.swift */,
				E5E12B432736AA500024FF49 /* AuthViewController */,
				E5C319F627398A3B00F5A459 /* Newsfeed */,
				E5E12B3A27359E2D0024FF49 /* Services */,
				E5672AB4273C37E9009039FD /* Helpers */,
				E51231FB27359BA600E07E42 /* Assets.xcassets */,
				E51231FD27359BA600E07E42 /* LaunchScreen.storyboard */,
				E512320027359BA600E07E42 /* Info.plist */,
				E5089D5C2736B9E100288B53 /* .gitignore */,
			);
			path = VKNewsFeed;
			sourceTree = "<group>";
		};
		E54002482736D4C300B3CEE2 /* Models */ = {
			isa = PBXGroup;
			children = (
				E540024B2736D4E500B3CEE2 /* FeedResponse.swift */,
			);
			name = Models;
			sourceTree = "<group>";
		};
		E5672AB4273C37E9009039FD /* Helpers */ = {
			isa = PBXGroup;
			children = (
				E5B17E80273AAEF5009611DE /* WebImageView.swift */,
				E5672AB5273C385D009039FD /* String + Height.swift */,
				E582B118273D72830086C417 /* UIView + Constraint.swift */,
				E504AE3D273E559E0032C1B1 /* Constants.swift */,
			);
			name = Helpers;
			sourceTree = "<group>";
		};
		E584E95C274100A0005927C1 /* GalleryView */ = {
			isa = PBXGroup;
			children = (
				E584E96127418C1E005927C1 /* RowLayout.swift */,
				E584E95D274100D7005927C1 /* GalleryCollectionView.swift */,
				E584E95F274103BA005927C1 /* GalleryCollectionViewCell.swift */,
			);
			name = GalleryView;
			sourceTree = "<group>";
		};
		E5C319F627398A3B00F5A459 /* Newsfeed */ = {
			isa = PBXGroup;
			children = (
				E584E95C274100A0005927C1 /* GalleryView */,
				E5C31A072739908800F5A459 /* Cell */,
				E5C31A0527398B8600F5A459 /* NewsfeedViewController.storyboard */,
				E5C319FB27398A6500F5A459 /* NewsfeedViewController.swift */,
				E5C319FC27398A6500F5A459 /* NewsfeedInteractor.swift */,
				E5C319F727398A6500F5A459 /* NewsfeedPresenter.swift */,
				E5C319FA27398A6500F5A459 /* NewsfeedModels.swift */,
				E5C319F827398A6500F5A459 /* NewsfeedWorker.swift */,
				E5C319F927398A6500F5A459 /* NewsfeedRouter.swift */,
			);
			name = Newsfeed;
			sourceTree = "<group>";
		};
		E5C31A072739908800F5A459 /* Cell */ = {
			isa = PBXGroup;
			children = (
				E5C31A08273990A500F5A459 /* NewsfeedCell.xib */,
				E5C31A0C2739911F00F5A459 /* NewsfeedCell.swift */,
				E5672AB2273BF714009039FD /* NewsfeedCellLayoutCalculator.swift */,
				E582B116273D6C7C0086C417 /* NewsfeedCodeCell.swift */,
			);
			name = Cell;
			sourceTree = "<group>";
		};
		E5E12B3A27359E2D0024FF49 /* Services */ = {
			isa = PBXGroup;
			children = (
				E54002482736D4C300B3CEE2 /* Models */,
				E5E12B3827359E270024FF49 /* AuthService.swift */,
				E5E12B462736AE9D0024FF49 /* API.swift */,
				E5E12B442736ADE60024FF49 /* NetworkService.swift */,
				E540024D2736DBC500B3CEE2 /* NetworkDataFetcher.swift */,
			);
			name = Services;
			sourceTree = "<group>";
		};
		E5E12B432736AA500024FF49 /* AuthViewController */ = {
			isa = PBXGroup;
			children = (
				E51231F627359BA500E07E42 /* AuthViewController.swift */,
				E5E12B3B2735A0480024FF49 /* AuthViewController.storyboard */,
			);
			name = AuthViewController;
			sourceTree = "<group>";
		};
		E959825007B1392B158BB4FB /* Pods */ = {
			isa = PBXGroup;
			children = (
				2EE16B959466C07EC58F7EF6 /* Pods-VKNewsFeed.debug.xcconfig */,
				7E7380F7EA450AC3CFC82BF4 /* Pods-VKNewsFeed.release.xcconfig */,
			);
			path = Pods;
			sourceTree = "<group>";
		};
/* End PBXGroup section */

/* Begin PBXNativeTarget section */
		E51231EE27359BA500E07E42 /* VKNewsFeed */ = {
			isa = PBXNativeTarget;
			buildConfigurationList = E512320327359BA600E07E42 /* Build configuration list for PBXNativeTarget "VKNewsFeed" */;
			buildPhases = (
				A5B221008BF62C7EEE7DAB6B /* [CP] Check Pods Manifest.lock */,
				E51231EB27359BA500E07E42 /* Sources */,
				E51231EC27359BA500E07E42 /* Frameworks */,
				E51231ED27359BA500E07E42 /* Resources */,
				40EA936FF3FFD6CEFEE1D409 /* [CP] Embed Pods Frameworks */,
			);
			buildRules = (
			);
			dependencies = (
			);
			name = VKNewsFeed;
			productName = VKNewsFeed;
			productReference = E51231EF27359BA500E07E42 /* VKNewsFeed.app */;
			productType = "com.apple.product-type.application";
		};
/* End PBXNativeTarget section */

/* Begin PBXProject section */
		E51231E727359BA500E07E42 /* Project object */ = {
			isa = PBXProject;
			attributes = {
				BuildIndependentTargetsInParallel = 1;
				LastSwiftUpdateCheck = 1310;
				LastUpgradeCheck = 1310;
				TargetAttributes = {
					E51231EE27359BA500E07E42 = {
						CreatedOnToolsVersion = 13.1;
					};
				};
			};
			buildConfigurationList = E51231EA27359BA500E07E42 /* Build configuration list for PBXProject "VKNewsFeed" */;
			compatibilityVersion = "Xcode 13.0";
			developmentRegion = en;
			hasScannedForEncodings = 0;
			knownRegions = (
				en,
				Base,
			);
			mainGroup = E51231E627359BA500E07E42;
			productRefGroup = E51231F027359BA500E07E42 /* Products */;
			projectDirPath = "";
			projectRoot = "";
			targets = (
				E51231EE27359BA500E07E42 /* VKNewsFeed */,
			);
		};
/* End PBXProject section */

/* Begin PBXResourcesBuildPhase section */
		E51231ED27359BA500E07E42 /* Resources */ = {
			isa = PBXResourcesBuildPhase;
			buildActionMask = 2147483647;
			files = (
				E5089D5D2736B9E100288B53 /* .gitignore in Resources */,
				E51231FF27359BA600E07E42 /* LaunchScreen.storyboard in Resources */,
				E5C31A0627398B8600F5A459 /* NewsfeedViewController.storyboard in Resources */,
				E5E12B3C2735A0480024FF49 /* AuthViewController.storyboard in Resources */,
				E51231FC27359BA600E07E42 /* Assets.xcassets in Resources */,
				E5C31A09273990A500F5A459 /* NewsfeedCell.xib in Resources */,
			);
			runOnlyForDeploymentPostprocessing = 0;
		};
/* End PBXResourcesBuildPhase section */

/* Begin PBXShellScriptBuildPhase section */
		40EA936FF3FFD6CEFEE1D409 /* [CP] Embed Pods Frameworks */ = {
			isa = PBXShellScriptBuildPhase;
			buildActionMask = 2147483647;
			files = (
			);
			inputFileListPaths = (
				"${PODS_ROOT}/Target Support Files/Pods-VKNewsFeed/Pods-VKNewsFeed-frameworks-${CONFIGURATION}-input-files.xcfilelist",
			);
			name = "[CP] Embed Pods Frameworks";
			outputFileListPaths = (
				"${PODS_ROOT}/Target Support Files/Pods-VKNewsFeed/Pods-VKNewsFeed-frameworks-${CONFIGURATION}-output-files.xcfilelist",
			);
			runOnlyForDeploymentPostprocessing = 0;
			shellPath = /bin/sh;
			shellScript = "\"${PODS_ROOT}/Target Support Files/Pods-VKNewsFeed/Pods-VKNewsFeed-frameworks.sh\"\n";
			showEnvVarsInLog = 0;
		};
		A5B221008BF62C7EEE7DAB6B /* [CP] Check Pods Manifest.lock */ = {
			isa = PBXShellScriptBuildPhase;
			buildActionMask = 2147483647;
			files = (
			);
			inputFileListPaths = (
			);
			inputPaths = (
				"${PODS_PODFILE_DIR_PATH}/Podfile.lock",
				"${PODS_ROOT}/Manifest.lock",
			);
			name = "[CP] Check Pods Manifest.lock";
			outputFileListPaths = (
			);
			outputPaths = (
				"$(DERIVED_FILE_DIR)/Pods-VKNewsFeed-checkManifestLockResult.txt",
			);
			runOnlyForDeploymentPostprocessing = 0;
			shellPath = /bin/sh;
			shellScript = "diff \"${PODS_PODFILE_DIR_PATH}/Podfile.lock\" \"${PODS_ROOT}/Manifest.lock\" > /dev/null\nif [ $? != 0 ] ; then\n    # print error to STDERR\n    echo \"error: The sandbox is not in sync with the Podfile.lock. Run 'pod install' or update your CocoaPods installation.\" >&2\n    exit 1\nfi\n# This output is used by Xcode 'outputs' to avoid re-running this script phase.\necho \"SUCCESS\" > \"${SCRIPT_OUTPUT_FILE_0}\"\n";
			showEnvVarsInLog = 0;
		};
/* End PBXShellScriptBuildPhase section */

/* Begin PBXSourcesBuildPhase section */
		E51231EB27359BA500E07E42 /* Sources */ = {
			isa = PBXSourcesBuildPhase;
			buildActionMask = 2147483647;
			files = (
				E584E96227418C1E005927C1 /* RowLayout.swift in Sources */,
				E540024C2736D4E500B3CEE2 /* FeedResponse.swift in Sources */,
				E582B119273D72830086C417 /* UIView + Constraint.swift in Sources */,
				E5672AB6273C385D009039FD /* String + Height.swift in Sources */,
				E5C31A0227398A6500F5A459 /* NewsfeedViewController.swift in Sources */,
				E584E960274103BA005927C1 /* GalleryCollectionViewCell.swift in Sources */,
				E51231F727359BA500E07E42 /* AuthViewController.swift in Sources */,
				E5672AB3273BF714009039FD /* NewsfeedCellLayoutCalculator.swift in Sources */,
				E51231F327359BA500E07E42 /* AppDelegate.swift in Sources */,
				E5C319FE27398A6500F5A459 /* NewsfeedPresenter.swift in Sources */,
				E5C31A0027398A6500F5A459 /* NewsfeedRouter.swift in Sources */,
				E51231F527359BA500E07E42 /* SceneDelegate.swift in Sources */,
				E5E12B452736ADE60024FF49 /* NetworkService.swift in Sources */,
				E504AE3E273E559E0032C1B1 /* Constants.swift in Sources */,
				E5C31A0127398A6500F5A459 /* NewsfeedModels.swift in Sources */,
				E582B117273D6C7C0086C417 /* NewsfeedCodeCell.swift in Sources */,
				E5B17E81273AAEF5009611DE /* WebImageView.swift in Sources */,
				E540024E2736DBC500B3CEE2 /* NetworkDataFetcher.swift in Sources */,
				E5C319FF27398A6500F5A459 /* NewsfeedWorker.swift in Sources */,
				E5E12B3927359E270024FF49 /* AuthService.swift in Sources */,
				E5E12B472736AE9D0024FF49 /* API.swift in Sources */,
				E584E95E274100D7005927C1 /* GalleryCollectionView.swift in Sources */,
				E5C31A0D2739911F00F5A459 /* NewsfeedCell.swift in Sources */,
				E5C31A0327398A6500F5A459 /* NewsfeedInteractor.swift in Sources */,
			);
			runOnlyForDeploymentPostprocessing = 0;
		};
/* End PBXSourcesBuildPhase section */

/* Begin PBXVariantGroup section */
		E51231FD27359BA600E07E42 /* LaunchScreen.storyboard */ = {
			isa = PBXVariantGroup;
			children = (
				E51231FE27359BA600E07E42 /* Base */,
			);
			name = LaunchScreen.storyboard;
			sourceTree = "<group>";
		};
/* End PBXVariantGroup section */

/* Begin XCBuildConfiguration section */
		E512320127359BA600E07E42 /* Debug */ = {
			isa = XCBuildConfiguration;
			buildSettings = {
				ALWAYS_SEARCH_USER_PATHS = NO;
				CLANG_ANALYZER_NONNULL = YES;
				CLANG_ANALYZER_NUMBER_OBJECT_CONVERSION = YES_AGGRESSIVE;
				CLANG_CXX_LANGUAGE_STANDARD = "gnu++17";
				CLANG_CXX_LIBRARY = "libc++";
				CLANG_ENABLE_MODULES = YES;
				CLANG_ENABLE_OBJC_ARC = YES;
				CLANG_ENABLE_OBJC_WEAK = YES;
				CLANG_WARN_BLOCK_CAPTURE_AUTORELEASING = YES;
				CLANG_WARN_BOOL_CONVERSION = YES;
				CLANG_WARN_COMMA = YES;
				CLANG_WARN_CONSTANT_CONVERSION = YES;
				CLANG_WARN_DEPRECATED_OBJC_IMPLEMENTATIONS = YES;
				CLANG_WARN_DIRECT_OBJC_ISA_USAGE = YES_ERROR;
				CLANG_WARN_DOCUMENTATION_COMMENTS = YES;
				CLANG_WARN_EMPTY_BODY = YES;
				CLANG_WARN_ENUM_CONVERSION = YES;
				CLANG_WARN_INFINITE_RECURSION = YES;
				CLANG_WARN_INT_CONVERSION = YES;
				CLANG_WARN_NON_LITERAL_NULL_CONVERSION = YES;
				CLANG_WARN_OBJC_IMPLICIT_RETAIN_SELF = YES;
				CLANG_WARN_OBJC_LITERAL_CONVERSION = YES;
				CLANG_WARN_OBJC_ROOT_CLASS = YES_ERROR;
				CLANG_WARN_QUOTED_INCLUDE_IN_FRAMEWORK_HEADER = YES;
				CLANG_WARN_RANGE_LOOP_ANALYSIS = YES;
				CLANG_WARN_STRICT_PROTOTYPES = YES;
				CLANG_WARN_SUSPICIOUS_MOVE = YES;
				CLANG_WARN_UNGUARDED_AVAILABILITY = YES_AGGRESSIVE;
				CLANG_WARN_UNREACHABLE_CODE = YES;
				CLANG_WARN__DUPLICATE_METHOD_MATCH = YES;
				COPY_PHASE_STRIP = NO;
				DEBUG_INFORMATION_FORMAT = dwarf;
				ENABLE_STRICT_OBJC_MSGSEND = YES;
				ENABLE_TESTABILITY = YES;
				GCC_C_LANGUAGE_STANDARD = gnu11;
				GCC_DYNAMIC_NO_PIC = NO;
				GCC_NO_COMMON_BLOCKS = YES;
				GCC_OPTIMIZATION_LEVEL = 0;
				GCC_PREPROCESSOR_DEFINITIONS = (
					"DEBUG=1",
					"$(inherited)",
				);
				GCC_WARN_64_TO_32_BIT_CONVERSION = YES;
				GCC_WARN_ABOUT_RETURN_TYPE = YES_ERROR;
				GCC_WARN_UNDECLARED_SELECTOR = YES;
				GCC_WARN_UNINITIALIZED_AUTOS = YES_AGGRESSIVE;
				GCC_WARN_UNUSED_FUNCTION = YES;
				GCC_WARN_UNUSED_VARIABLE = YES;
				IPHONEOS_DEPLOYMENT_TARGET = 15.0;
				MTL_ENABLE_DEBUG_INFO = INCLUDE_SOURCE;
				MTL_FAST_MATH = YES;
				ONLY_ACTIVE_ARCH = YES;
				SDKROOT = iphoneos;
				SWIFT_ACTIVE_COMPILATION_CONDITIONS = DEBUG;
				SWIFT_OPTIMIZATION_LEVEL = "-Onone";
			};
			name = Debug;
		};
		E512320227359BA600E07E42 /* Release */ = {
			isa = XCBuildConfiguration;
			buildSettings = {
				ALWAYS_SEARCH_USER_PATHS = NO;
				CLANG_ANALYZER_NONNULL = YES;
				CLANG_ANALYZER_NUMBER_OBJECT_CONVERSION = YES_AGGRESSIVE;
				CLANG_CXX_LANGUAGE_STANDARD = "gnu++17";
				CLANG_CXX_LIBRARY = "libc++";
				CLANG_ENABLE_MODULES = YES;
				CLANG_ENABLE_OBJC_ARC = YES;
				CLANG_ENABLE_OBJC_WEAK = YES;
				CLANG_WARN_BLOCK_CAPTURE_AUTORELEASING = YES;
				CLANG_WARN_BOOL_CONVERSION = YES;
				CLANG_WARN_COMMA = YES;
				CLANG_WARN_CONSTANT_CONVERSION = YES;
				CLANG_WARN_DEPRECATED_OBJC_IMPLEMENTATIONS = YES;
				CLANG_WARN_DIRECT_OBJC_ISA_USAGE = YES_ERROR;
				CLANG_WARN_DOCUMENTATION_COMMENTS = YES;
				CLANG_WARN_EMPTY_BODY = YES;
				CLANG_WARN_ENUM_CONVERSION = YES;
				CLANG_WARN_INFINITE_RECURSION = YES;
				CLANG_WARN_INT_CONVERSION = YES;
				CLANG_WARN_NON_LITERAL_NULL_CONVERSION = YES;
				CLANG_WARN_OBJC_IMPLICIT_RETAIN_SELF = YES;
				CLANG_WARN_OBJC_LITERAL_CONVERSION = YES;
				CLANG_WARN_OBJC_ROOT_CLASS = YES_ERROR;
				CLANG_WARN_QUOTED_INCLUDE_IN_FRAMEWORK_HEADER = YES;
				CLANG_WARN_RANGE_LOOP_ANALYSIS = YES;
				CLANG_WARN_STRICT_PROTOTYPES = YES;
				CLANG_WARN_SUSPICIOUS_MOVE = YES;
				CLANG_WARN_UNGUARDED_AVAILABILITY = YES_AGGRESSIVE;
				CLANG_WARN_UNREACHABLE_CODE = YES;
				CLANG_WARN__DUPLICATE_METHOD_MATCH = YES;
				COPY_PHASE_STRIP = NO;
				DEBUG_INFORMATION_FORMAT = "dwarf-with-dsym";
				ENABLE_NS_ASSERTIONS = NO;
				ENABLE_STRICT_OBJC_MSGSEND = YES;
				GCC_C_LANGUAGE_STANDARD = gnu11;
				GCC_NO_COMMON_BLOCKS = YES;
				GCC_WARN_64_TO_32_BIT_CONVERSION = YES;
				GCC_WARN_ABOUT_RETURN_TYPE = YES_ERROR;
				GCC_WARN_UNDECLARED_SELECTOR = YES;
				GCC_WARN_UNINITIALIZED_AUTOS = YES_AGGRESSIVE;
				GCC_WARN_UNUSED_FUNCTION = YES;
				GCC_WARN_UNUSED_VARIABLE = YES;
				IPHONEOS_DEPLOYMENT_TARGET = 15.0;
				MTL_ENABLE_DEBUG_INFO = NO;
				MTL_FAST_MATH = YES;
				SDKROOT = iphoneos;
				SWIFT_COMPILATION_MODE = wholemodule;
				SWIFT_OPTIMIZATION_LEVEL = "-O";
				VALIDATE_PRODUCT = YES;
			};
			name = Release;
		};
		E512320427359BA600E07E42 /* Debug */ = {
			isa = XCBuildConfiguration;
			baseConfigurationReference = 2EE16B959466C07EC58F7EF6 /* Pods-VKNewsFeed.debug.xcconfig */;
			buildSettings = {
				ASSETCATALOG_COMPILER_APPICON_NAME = AppIcon;
				ASSETCATALOG_COMPILER_GLOBAL_ACCENT_COLOR_NAME = AccentColor;
				CODE_SIGN_STYLE = Automatic;
				CURRENT_PROJECT_VERSION = 1;
				DEVELOPMENT_TEAM = 6646H966Z4;
				GENERATE_INFOPLIST_FILE = YES;
				INFOPLIST_FILE = VKNewsFeed/Info.plist;
				INFOPLIST_KEY_UIApplicationSupportsIndirectInputEvents = YES;
				INFOPLIST_KEY_UILaunchStoryboardName = LaunchScreen;
				INFOPLIST_KEY_UISupportedInterfaceOrientations = UIInterfaceOrientationPortrait;
				INFOPLIST_KEY_UISupportedInterfaceOrientations_iPad = "UIInterfaceOrientationPortrait UIInterfaceOrientationPortraitUpsideDown UIInterfaceOrientationLandscapeLeft UIInterfaceOrientationLandscapeRight";
				INFOPLIST_KEY_UISupportedInterfaceOrientations_iPhone = "UIInterfaceOrientationPortrait UIInterfaceOrientationLandscapeLeft UIInterfaceOrientationLandscapeRight";
				LD_RUNPATH_SEARCH_PATHS = (
					"$(inherited)",
					"@executable_path/Frameworks",
				);
				MARKETING_VERSION = 1.0;
				PRODUCT_BUNDLE_IDENTIFIER = My.VKNewsFeed;
				PRODUCT_NAME = "$(TARGET_NAME)";
				SWIFT_EMIT_LOC_STRINGS = YES;
				SWIFT_VERSION = 5.0;
				TARGETED_DEVICE_FAMILY = "1,2";
			};
			name = Debug;
		};
		E512320527359BA600E07E42 /* Release */ = {
			isa = XCBuildConfiguration;
			baseConfigurationReference = 7E7380F7EA450AC3CFC82BF4 /* Pods-VKNewsFeed.release.xcconfig */;
			buildSettings = {
				ASSETCATALOG_COMPILER_APPICON_NAME = AppIcon;
				ASSETCATALOG_COMPILER_GLOBAL_ACCENT_COLOR_NAME = AccentColor;
				CODE_SIGN_STYLE = Automatic;
				CURRENT_PROJECT_VERSION = 1;
				DEVELOPMENT_TEAM = 6646H966Z4;
				GENERATE_INFOPLIST_FILE = YES;
				INFOPLIST_FILE = VKNewsFeed/Info.plist;
				INFOPLIST_KEY_UIApplicationSupportsIndirectInputEvents = YES;
				INFOPLIST_KEY_UILaunchStoryboardName = LaunchScreen;
				INFOPLIST_KEY_UISupportedInterfaceOrientations = UIInterfaceOrientationPortrait;
				INFOPLIST_KEY_UISupportedInterfaceOrientations_iPad = "UIInterfaceOrientationPortrait UIInterfaceOrientationPortraitUpsideDown UIInterfaceOrientationLandscapeLeft UIInterfaceOrientationLandscapeRight";
				INFOPLIST_KEY_UISupportedInterfaceOrientations_iPhone = "UIInterfaceOrientationPortrait UIInterfaceOrientationLandscapeLeft UIInterfaceOrientationLandscapeRight";
				LD_RUNPATH_SEARCH_PATHS = (
					"$(inherited)",
					"@executable_path/Frameworks",
				);
				MARKETING_VERSION = 1.0;
				PRODUCT_BUNDLE_IDENTIFIER = My.VKNewsFeed;
				PRODUCT_NAME = "$(TARGET_NAME)";
				SWIFT_EMIT_LOC_STRINGS = YES;
				SWIFT_VERSION = 5.0;
				TARGETED_DEVICE_FAMILY = "1,2";
			};
			name = Release;
		};
/* End XCBuildConfiguration section */

/* Begin XCConfigurationList section */
		E51231EA27359BA500E07E42 /* Build configuration list for PBXProject "VKNewsFeed" */ = {
			isa = XCConfigurationList;
			buildConfigurations = (
				E512320127359BA600E07E42 /* Debug */,
				E512320227359BA600E07E42 /* Release */,
			);
			defaultConfigurationIsVisible = 0;
			defaultConfigurationName = Release;
		};
		E512320327359BA600E07E42 /* Build configuration list for PBXNativeTarget "VKNewsFeed" */ = {
			isa = XCConfigurationList;
			buildConfigurations = (
				E512320427359BA600E07E42 /* Debug */,
				E512320527359BA600E07E42 /* Release */,
			);
			defaultConfigurationIsVisible = 0;
			defaultConfigurationName = Release;
		};
/* End XCConfigurationList section */
	};
	rootObject = E51231E727359BA500E07E42 /* Project object */;
}
